
Microsoft Visual Studio Solution File, Format Version 12.00
# Visual Studio 15
VisualStudioVersion = 15.0.27004.2009
MinimumVisualStudioVersion = 10.0.40219.1
Project("{FAE04EC0-301F-11D3-BF4B-00C04F79EFBC}") = "TodoApi", "TodoApi\TodoApi.csproj", "{8C48A414-E2EF-43C1-8A9C-646C4C950001}"
EndProject
Project("{FAE04EC0-301F-11D3-BF4B-00C04F79EFBC}") = "TodoApi.Tests", "TodoApi.Tests\TodoApi.Tests.csproj", "{DAEDE449-8205-438B-A2E6-2354895CDA54}"
EndProject
Global
	GlobalSection(SolutionConfigurationPlatforms) = preSolution
		Debug|Any CPU = Debug|Any CPU
		Release|Any CPU = Release|Any CPU
	EndGlobalSection
	GlobalSection(ProjectConfigurationPlatforms) = postSolution
		{8C48A414-E2EF-43C1-8A9C-646C4C950001}.Debug|Any CPU.ActiveCfg = Debug|Any CPU
		{8C48A414-E2EF-43C1-8A9C-646C4C950001}.Debug|Any CPU.Build.0 = Debug|Any CPU
		{8C48A414-E2EF-43C1-8A9C-646C4C950001}.Release|Any CPU.ActiveCfg = Release|Any CPU
		{8C48A414-E2EF-43C1-8A9C-646C4C950001}.Release|Any CPU.Build.0 = Release|Any CPU
		{DAEDE449-8205-438B-A2E6-2354895CDA54}.Debug|Any CPU.ActiveCfg = Debug|Any CPU
		{DAEDE449-8205-438B-A2E6-2354895CDA54}.Debug|Any CPU.Build.0 = Debug|Any CPU
		{DAEDE449-8205-438B-A2E6-2354895CDA54}.Release|Any CPU.ActiveCfg = Release|Any CPU
		{DAEDE449-8205-438B-A2E6-2354895CDA54}.Release|Any CPU.Build.0 = Release|Any CPU
	EndGlobalSection
	GlobalSection(SolutionProperties) = preSolution
		HideSolutionNode = FALSE
	EndGlobalSection
	GlobalSection(ExtensibilityGlobals) = postSolution
		SolutionGuid = {B3CB4099-3995-4878-A2FD-D230247057D4}
	EndGlobalSection
EndGlobal
